
Microsoft Visual Studio Solution File, Format Version 12.00
# Visual Studio Version 16
VisualStudioVersion = 16.0.30804.86
MinimumVisualStudioVersion = 10.0.40219.1
Project("{FAE04EC0-301F-11D3-BF4B-00C04F79EFBC}") = "AspNetCoreAuth", "AspNetCoreAuth.csproj", "{B3C347EA-0E38-406D-97E5-613D108A5339}"
EndProject
Global
	GlobalSection(SolutionConfigurationPlatforms) = preSolution
		Debug|Any CPU = Debug|Any CPU
		Release|Any CPU = Release|Any CPU
	EndGlobalSection
	GlobalSection(ProjectConfigurationPlatforms) = postSolution
		{B3C347EA-0E38-406D-97E5-613D108A5339}.Debug|Any CPU.ActiveCfg = Debug|Any CPU
		{B3C347EA-0E38-406D-97E5-613D108A5339}.Debug|Any CPU.Build.0 = Debug|Any CPU
		{B3C347EA-0E38-406D-97E5-613D108A5339}.Release|Any CPU.ActiveCfg = Release|Any CPU
		{B3C347EA-0E38-406D-97E5-613D108A5339}.Release|Any CPU.Build.0 = Release|Any CPU
	EndGlobalSection
	GlobalSection(SolutionProperties) = preSolution
		HideSolutionNode = FALSE
	EndGlobalSection
	GlobalSection(ExtensibilityGlobals) = postSolution
		SolutionGuid = {CEA4AFCE-8C44-492E-B3A5-2128A9AAC0A4}
	EndGlobalSection
EndGlobal
